// !$*UTF8*$!
{
	archiveVersion = 1;
	classes = {
	};
	objectVersion = 77;
	objects = {

/* Begin PBXBuildFile section */
		6C4920AE2F627A2600B88D35 /* DiaconnKit.framework in Frameworks */ = {isa = PBXBuildFile; fileRef = 6C4920A22F627A2600B88D35 /* DiaconnKit.framework */; };
		6C4921022F62ACCA00B88D35 /* DiaconnKitPlugin.framework in Frameworks */ = {isa = PBXBuildFile; fileRef = 6C4920F72F62ACCA00B88D35 /* DiaconnKitPlugin.framework */; };
		6C4921CE2F6A8BF800B88D35 /* LoopKit.framework in Frameworks */ = {isa = PBXBuildFile; fileRef = 6C4921D02F6A8C0000B88D35 /* LoopKit.framework */; };
		6CEEFACB2F7522B800299A9A /* LoopKitUI.framework in Frameworks */ = {isa = PBXBuildFile; fileRef = 6C4921D12F6A8C0000B88D35 /* LoopKitUI.framework */; };
		6CEEFB2E2F7526B400299A9A /* DiaconnKit.framework in Frameworks */ = {isa = PBXBuildFile; fileRef = 6C4920A22F627A2600B88D35 /* DiaconnKit.framework */; };
		6CEEFB2F2F7526B400299A9A /* DiaconnKit.framework in Embed Frameworks */ = {isa = PBXBuildFile; fileRef = 6C4920A22F627A2600B88D35 /* DiaconnKit.framework */; settings = {ATTRIBUTES = (CodeSignOnCopy, RemoveHeadersOnCopy, ); }; };
		6CEEFB342F7526BB00299A9A /* LoopKit.framework in Frameworks */ = {isa = PBXBuildFile; fileRef = 6C4921D02F6A8C0000B88D35 /* LoopKit.framework */; };
		6CEEFB362F7526BB00299A9A /* LoopKitUI.framework in Frameworks */ = {isa = PBXBuildFile; fileRef = 6C4921D12F6A8C0000B88D35 /* LoopKitUI.framework */; };
/* End PBXBuildFile section */

/* Begin PBXContainerItemProxy section */
		6C4920AF2F627A2600B88D35 /* PBXContainerItemProxy */ = {
			isa = PBXContainerItemProxy;
			containerPortal = 6C4920992F627A2600B88D35 /* Project object */;
			proxyType = 1;
			remoteGlobalIDString = 6C4920A12F627A2600B88D35;
			remoteInfo = DiaconnKit;
		};
		6C4921032F62ACCA00B88D35 /* PBXContainerItemProxy */ = {
			isa = PBXContainerItemProxy;
			containerPortal = 6C4920992F627A2600B88D35 /* Project object */;
			proxyType = 1;
			remoteGlobalIDString = 6C4920F62F62ACCA00B88D35;
			remoteInfo = DiaconnKitPlugin;
		};
		6CEEFB302F7526B400299A9A /* PBXContainerItemProxy */ = {
			isa = PBXContainerItemProxy;
			containerPortal = 6C4920992F627A2600B88D35 /* Project object */;
			proxyType = 1;
			remoteGlobalIDString = 6C4920A12F627A2600B88D35;
			remoteInfo = DiaconnKit;
		};
/* End PBXContainerItemProxy section */

/* Begin PBXCopyFilesBuildPhase section */
		6CEEFB322F7526B400299A9A /* Embed Frameworks */ = {
			isa = PBXCopyFilesBuildPhase;
			buildActionMask = 2147483647;
			dstPath = "";
			dstSubfolderSpec = 10;
			files = (
				6CEEFB2F2F7526B400299A9A /* DiaconnKit.framework in Embed Frameworks */,
			);
			name = "Embed Frameworks";
			runOnlyForDeploymentPostprocessing = 0;
		};
/* End PBXCopyFilesBuildPhase section */

/* Begin PBXFileReference section */
		6C4920A22F627A2600B88D35 /* DiaconnKit.framework */ = {isa = PBXFileReference; explicitFileType = wrapper.framework; includeInIndex = 0; path = DiaconnKit.framework; sourceTree = BUILT_PRODUCTS_DIR; };
		6C4920AD2F627A2600B88D35 /* DiaconnKitTests.xctest */ = {isa = PBXFileReference; explicitFileType = wrapper.cfbundle; includeInIndex = 0; path = DiaconnKitTests.xctest; sourceTree = BUILT_PRODUCTS_DIR; };
		6C4920F72F62ACCA00B88D35 /* DiaconnKitPlugin.framework */ = {isa = PBXFileReference; explicitFileType = wrapper.framework; includeInIndex = 0; path = DiaconnKitPlugin.framework; sourceTree = BUILT_PRODUCTS_DIR; };
		6C4921012F62ACCA00B88D35 /* DiaconnKitPluginTests.xctest */ = {isa = PBXFileReference; explicitFileType = wrapper.cfbundle; includeInIndex = 0; path = DiaconnKitPluginTests.xctest; sourceTree = BUILT_PRODUCTS_DIR; };
		6C4921D02F6A8C0000B88D35 /* LoopKit.framework */ = {isa = PBXFileReference; explicitFileType = wrapper.framework; path = LoopKit.framework; sourceTree = BUILT_PRODUCTS_DIR; };
		6C4921D12F6A8C0000B88D35 /* LoopKitUI.framework */ = {isa = PBXFileReference; explicitFileType = wrapper.framework; path = LoopKitUI.framework; sourceTree = BUILT_PRODUCTS_DIR; };
/* End PBXFileReference section */

/* Begin PBXFileSystemSynchronizedRootGroup section */
		6C4920A42F627A2600B88D35 /* DiaconnKit */ = {
			isa = PBXFileSystemSynchronizedRootGroup;
			path = DiaconnKit;
			sourceTree = "<group>";
		};
		6C4920B12F627A2600B88D35 /* DiaconnKitTests */ = {
			isa = PBXFileSystemSynchronizedRootGroup;
			path = DiaconnKitTests;
			sourceTree = "<group>";
		};
		6C4920F82F62ACCA00B88D35 /* DiaconnKitPlugin */ = {
			isa = PBXFileSystemSynchronizedRootGroup;
			path = DiaconnKitPlugin;
			sourceTree = "<group>";
		};
		6C4921052F62ACCA00B88D35 /* DiaconnKitPluginTests */ = {
			isa = PBXFileSystemSynchronizedRootGroup;
			path = DiaconnKitPluginTests;
			sourceTree = "<group>";
		};
/* End PBXFileSystemSynchronizedRootGroup section */

/* Begin PBXFrameworksBuildPhase section */
		6C49209F2F627A2600B88D35 /* Frameworks */ = {
			isa = PBXFrameworksBuildPhase;
			buildActionMask = 2147483647;
			files = (
				6C4921CE2F6A8BF800B88D35 /* LoopKit.framework in Frameworks */,
				6CEEFACB2F7522B800299A9A /* LoopKitUI.framework in Frameworks */,
			);
			runOnlyForDeploymentPostprocessing = 0;
		};
		6C4920AA2F627A2600B88D35 /* Frameworks */ = {
			isa = PBXFrameworksBuildPhase;
			buildActionMask = 2147483647;
			files = (
				6C4920AE2F627A2600B88D35 /* DiaconnKit.framework in Frameworks */,
			);
			runOnlyForDeploymentPostprocessing = 0;
		};
		6C4920F42F62ACCA00B88D35 /* Frameworks */ = {
			isa = PBXFrameworksBuildPhase;
			buildActionMask = 2147483647;
			files = (
				6CEEFB2E2F7526B400299A9A /* DiaconnKit.framework in Frameworks */,
				6CEEFB342F7526BB00299A9A /* LoopKit.framework in Frameworks */,
				6CEEFB362F7526BB00299A9A /* LoopKitUI.framework in Frameworks */,
			);
			runOnlyForDeploymentPostprocessing = 0;
		};
		6C4920FE2F62ACCA00B88D35 /* Frameworks */ = {
			isa = PBXFrameworksBuildPhase;
			buildActionMask = 2147483647;
			files = (
				6C4921022F62ACCA00B88D35 /* DiaconnKitPlugin.framework in Frameworks */,
			);
			runOnlyForDeploymentPostprocessing = 0;
		};
/* End PBXFrameworksBuildPhase section */

/* Begin PBXGroup section */
		6C4920982F627A2600B88D35 = {
			isa = PBXGroup;
			children = (
				6C4920A42F627A2600B88D35 /* DiaconnKit */,
				6C4920B12F627A2600B88D35 /* DiaconnKitTests */,
				6C4920F82F62ACCA00B88D35 /* DiaconnKitPlugin */,
				6C4921052F62ACCA00B88D35 /* DiaconnKitPluginTests */,
				6C4921CC2F6A8BF700B88D35 /* Frameworks */,
				6C4920A32F627A2600B88D35 /* Products */,
			);
			sourceTree = "<group>";
		};
		6C4920A32F627A2600B88D35 /* Products */ = {
			isa = PBXGroup;
			children = (
				6C4920A22F627A2600B88D35 /* DiaconnKit.framework */,
				6C4920AD2F627A2600B88D35 /* DiaconnKitTests.xctest */,
				6C4920F72F62ACCA00B88D35 /* DiaconnKitPlugin.framework */,
				6C4921012F62ACCA00B88D35 /* DiaconnKitPluginTests.xctest */,
			);
			name = Products;
			sourceTree = "<group>";
		};
		6C4921CC2F6A8BF700B88D35 /* Frameworks */ = {
			isa = PBXGroup;
			children = (
				6C4921D02F6A8C0000B88D35 /* LoopKit.framework */,
				6C4921D12F6A8C0000B88D35 /* LoopKitUI.framework */,
			);
			name = Frameworks;
			sourceTree = "<group>";
		};
/* End PBXGroup section */

/* Begin PBXHeadersBuildPhase section */
		6C49209D2F627A2600B88D35 /* Headers */ = {
			isa = PBXHeadersBuildPhase;
			buildActionMask = 2147483647;
			files = (
			);
			runOnlyForDeploymentPostprocessing = 0;
		};
		6C4920F22F62ACCA00B88D35 /* Headers */ = {
			isa = PBXHeadersBuildPhase;
			buildActionMask = 2147483647;
			files = (
			);
			runOnlyForDeploymentPostprocessing = 0;
		};
/* End PBXHeadersBuildPhase section */

/* Begin PBXNativeTarget section */
		6C4920A12F627A2600B88D35 /* DiaconnKit */ = {
			isa = PBXNativeTarget;
			buildConfigurationList = 6C4920B62F627A2600B88D35 /* Build configuration list for PBXNativeTarget "DiaconnKit" */;
			buildPhases = (
				6C49209D2F627A2600B88D35 /* Headers */,
				6C49209E2F627A2600B88D35 /* Sources */,
				6C49209F2F627A2600B88D35 /* Frameworks */,
				6C4920A02F627A2600B88D35 /* Resources */,
			);
			buildRules = (
			);
			dependencies = (
			);
			fileSystemSynchronizedGroups = (
				6C4920A42F627A2600B88D35 /* DiaconnKit */,
			);
			name = DiaconnKit;
			packageProductDependencies = (
			);
			productName = DiaconnKit;
			productReference = 6C4920A22F627A2600B88D35 /* DiaconnKit.framework */;
			productType = "com.apple.product-type.framework";
		};
		6C4920AC2F627A2600B88D35 /* DiaconnKitTests */ = {
			isa = PBXNativeTarget;
			buildConfigurationList = 6C4920B92F627A2600B88D35 /* Build configuration list for PBXNativeTarget "DiaconnKitTests" */;
			buildPhases = (
				6C4920A92F627A2600B88D35 /* Sources */,
				6C4920AA2F627A2600B88D35 /* Frameworks */,
				6C4920AB2F627A2600B88D35 /* Resources */,
			);
			buildRules = (
			);
			dependencies = (
				6C4920B02F627A2600B88D35 /* PBXTargetDependency */,
			);
			fileSystemSynchronizedGroups = (
				6C4920B12F627A2600B88D35 /* DiaconnKitTests */,
			);
			name = DiaconnKitTests;
			packageProductDependencies = (
			);
			productName = DiaconnKitTests;
			productReference = 6C4920AD2F627A2600B88D35 /* DiaconnKitTests.xctest */;
			productType = "com.apple.product-type.bundle.unit-test";
		};
		6C4920F62F62ACCA00B88D35 /* DiaconnKitPlugin */ = {
			isa = PBXNativeTarget;
			buildConfigurationList = 6C4921082F62ACCA00B88D35 /* Build configuration list for PBXNativeTarget "DiaconnKitPlugin" */;
			buildPhases = (
				6C4920F22F62ACCA00B88D35 /* Headers */,
				6C4920F32F62ACCA00B88D35 /* Sources */,
				6C4920F42F62ACCA00B88D35 /* Frameworks */,
				6C4920F52F62ACCA00B88D35 /* Resources */,
				6CEEFB322F7526B400299A9A /* Embed Frameworks */,
			);
			buildRules = (
			);
			dependencies = (
				6CEEFB312F7526B400299A9A /* PBXTargetDependency */,
			);
			fileSystemSynchronizedGroups = (
				6C4920F82F62ACCA00B88D35 /* DiaconnKitPlugin */,
			);
			name = DiaconnKitPlugin;
			packageProductDependencies = (
			);
			productName = DiaconnKitPlugin;
			productReference = 6C4920F72F62ACCA00B88D35 /* DiaconnKitPlugin.framework */;
			productType = "com.apple.product-type.framework";
		};
		6C4921002F62ACCA00B88D35 /* DiaconnKitPluginTests */ = {
			isa = PBXNativeTarget;
			buildConfigurationList = 6C49210B2F62ACCA00B88D35 /* Build configuration list for PBXNativeTarget "DiaconnKitPluginTests" */;
			buildPhases = (
				6C4920FD2F62ACCA00B88D35 /* Sources */,
				6C4920FE2F62ACCA00B88D35 /* Frameworks */,
				6C4920FF2F62ACCA00B88D35 /* Resources */,
			);
			buildRules = (
			);
			dependencies = (
				6C4921042F62ACCA00B88D35 /* PBXTargetDependency */,
			);
			fileSystemSynchronizedGroups = (
				6C4921052F62ACCA00B88D35 /* DiaconnKitPluginTests */,
			);
			name = DiaconnKitPluginTests;
			packageProductDependencies = (
			);
			productName = DiaconnKitPluginTests;
			productReference = 6C4921012F62ACCA00B88D35 /* DiaconnKitPluginTests.xctest */;
			productType = "com.apple.product-type.bundle.unit-test";
		};
/* End PBXNativeTarget section */

/* Begin PBXProject section */
		6C4920992F627A2600B88D35 /* Project object */ = {
			isa = PBXProject;
			attributes = {
				BuildIndependentTargetsInParallel = 1;
				LastSwiftUpdateCheck = 2630;
				LastUpgradeCheck = 2630;
				TargetAttributes = {
					6C4920A12F627A2600B88D35 = {
						CreatedOnToolsVersion = 26.3;
					};
					6C4920AC2F627A2600B88D35 = {
						CreatedOnToolsVersion = 26.3;
					};
					6C4920F62F62ACCA00B88D35 = {
						CreatedOnToolsVersion = 26.3;
					};
					6C4921002F62ACCA00B88D35 = {
						CreatedOnToolsVersion = 26.3;
					};
				};
			};
			buildConfigurationList = 6C49209C2F627A2600B88D35 /* Build configuration list for PBXProject "DiaconnKit" */;
			developmentRegion = en;
			hasScannedForEncodings = 0;
			knownRegions = (
				en,
				Base,
			);
			mainGroup = 6C4920982F627A2600B88D35;
			minimizedProjectReferenceProxies = 1;
			packageReferences = (
			);
			preferredProjectObjectVersion = 77;
			productRefGroup = 6C4920A32F627A2600B88D35 /* Products */;
			projectDirPath = "";
			projectRoot = "";
			targets = (
				6C4920A12F627A2600B88D35 /* DiaconnKit */,
				6C4920AC2F627A2600B88D35 /* DiaconnKitTests */,
				6C4920F62F62ACCA00B88D35 /* DiaconnKitPlugin */,
				6C4921002F62ACCA00B88D35 /* DiaconnKitPluginTests */,
			);
		};
/* End PBXProject section */

/* Begin PBXResourcesBuildPhase section */
		6C4920A02F627A2600B88D35 /* Resources */ = {
			isa = PBXResourcesBuildPhase;
			buildActionMask = 2147483647;
			files = (
			);
			runOnlyForDeploymentPostprocessing = 0;
		};
		6C4920AB2F627A2600B88D35 /* Resources */ = {
			isa = PBXResourcesBuildPhase;
			buildActionMask = 2147483647;
			files = (
			);
			runOnlyForDeploymentPostprocessing = 0;
		};
		6C4920F52F62ACCA00B88D35 /* Resources */ = {
			isa = PBXResourcesBuildPhase;
			buildActionMask = 2147483647;
			files = (
			);
			runOnlyForDeploymentPostprocessing = 0;
		};
		6C4920FF2F62ACCA00B88D35 /* Resources */ = {
			isa = PBXResourcesBuildPhase;
			buildActionMask = 2147483647;
			files = (
			);
			runOnlyForDeploymentPostprocessing = 0;
		};
/* End PBXResourcesBuildPhase section */

/* Begin PBXSourcesBuildPhase section */
		6C49209E2F627A2600B88D35 /* Sources */ = {
			isa = PBXSourcesBuildPhase;
			buildActionMask = 2147483647;
			files = (
			);
			runOnlyForDeploymentPostprocessing = 0;
		};
		6C4920A92F627A2600B88D35 /* Sources */ = {
			isa = PBXSourcesBuildPhase;
			buildActionMask = 2147483647;
			files = (
			);
			runOnlyForDeploymentPostprocessing = 0;
		};
		6C4920F32F62ACCA00B88D35 /* Sources */ = {
			isa = PBXSourcesBuildPhase;
			buildActionMask = 2147483647;
			files = (
			);
			runOnlyForDeploymentPostprocessing = 0;
		};
		6C4920FD2F62ACCA00B88D35 /* Sources */ = {
			isa = PBXSourcesBuildPhase;
			buildActionMask = 2147483647;
			files = (
			);
			runOnlyForDeploymentPostprocessing = 0;
		};
/* End PBXSourcesBuildPhase section */

/* Begin PBXTargetDependency section */
		6C4920B02F627A2600B88D35 /* PBXTargetDependency */ = {
			isa = PBXTargetDependency;
			target = 6C4920A12F627A2600B88D35 /* DiaconnKit */;
			targetProxy = 6C4920AF2F627A2600B88D35 /* PBXContainerItemProxy */;
		};
		6C4921042F62ACCA00B88D35 /* PBXTargetDependency */ = {
			isa = PBXTargetDependency;
			target = 6C4920F62F62ACCA00B88D35 /* DiaconnKitPlugin */;
			targetProxy = 6C4921032F62ACCA00B88D35 /* PBXContainerItemProxy */;
		};
		6CEEFB312F7526B400299A9A /* PBXTargetDependency */ = {
			isa = PBXTargetDependency;
			target = 6C4920A12F627A2600B88D35 /* DiaconnKit */;
			targetProxy = 6CEEFB302F7526B400299A9A /* PBXContainerItemProxy */;
		};
/* End PBXTargetDependency section */

/* Begin XCBuildConfiguration section */
		6C4920B42F627A2600B88D35 /* Debug */ = {
			isa = XCBuildConfiguration;
			buildSettings = {
				ALWAYS_SEARCH_USER_PATHS = NO;
				ASSETCATALOG_COMPILER_GENERATE_SWIFT_ASSET_SYMBOL_EXTENSIONS = YES;
				CLANG_ANALYZER_NONNULL = YES;
				CLANG_ANALYZER_NUMBER_OBJECT_CONVERSION = YES_AGGRESSIVE;
				CLANG_CXX_LANGUAGE_STANDARD = "gnu++20";
				CLANG_ENABLE_MODULES = YES;
				CLANG_ENABLE_OBJC_ARC = YES;
				CLANG_ENABLE_OBJC_WEAK = YES;
				CLANG_WARN_BLOCK_CAPTURE_AUTORELEASING = YES;
				CLANG_WARN_BOOL_CONVERSION = YES;
				CLANG_WARN_COMMA = YES;
				CLANG_WARN_CONSTANT_CONVERSION = YES;
				CLANG_WARN_DEPRECATED_OBJC_IMPLEMENTATIONS = YES;
				CLANG_WARN_DIRECT_OBJC_ISA_USAGE = YES_ERROR;
				CLANG_WARN_DOCUMENTATION_COMMENTS = YES;
				CLANG_WARN_EMPTY_BODY = YES;
				CLANG_WARN_ENUM_CONVERSION = YES;
				CLANG_WARN_INFINITE_RECURSION = YES;
				CLANG_WARN_INT_CONVERSION = YES;
				CLANG_WARN_NON_LITERAL_NULL_CONVERSION = YES;
				CLANG_WARN_OBJC_IMPLICIT_RETAIN_SELF = YES;
				CLANG_WARN_OBJC_LITERAL_CONVERSION = YES;
				CLANG_WARN_OBJC_ROOT_CLASS = YES_ERROR;
				CLANG_WARN_QUOTED_INCLUDE_IN_FRAMEWORK_HEADER = YES;
				CLANG_WARN_RANGE_LOOP_ANALYSIS = YES;
				CLANG_WARN_STRICT_PROTOTYPES = YES;
				CLANG_WARN_SUSPICIOUS_MOVE = YES;
				CLANG_WARN_UNGUARDED_AVAILABILITY = YES_AGGRESSIVE;
				CLANG_WARN_UNREACHABLE_CODE = YES;
				CLANG_WARN__DUPLICATE_METHOD_MATCH = YES;
				COPY_PHASE_STRIP = NO;
				CURRENT_PROJECT_VERSION = 1;
				DEBUG_INFORMATION_FORMAT = dwarf;
				DEVELOPMENT_TEAM = LH562C5CQZ;
				ENABLE_STRICT_OBJC_MSGSEND = YES;
				ENABLE_TESTABILITY = YES;
				ENABLE_USER_SCRIPT_SANDBOXING = YES;
				GCC_C_LANGUAGE_STANDARD = gnu17;
				GCC_DYNAMIC_NO_PIC = NO;
				GCC_NO_COMMON_BLOCKS = YES;
				GCC_OPTIMIZATION_LEVEL = 0;
				GCC_PREPROCESSOR_DEFINITIONS = (
					"DEBUG=1",
					"$(inherited)",
				);
				GCC_WARN_64_TO_32_BIT_CONVERSION = YES;
				GCC_WARN_ABOUT_RETURN_TYPE = YES_ERROR;
				GCC_WARN_UNDECLARED_SELECTOR = YES;
				GCC_WARN_UNINITIALIZED_AUTOS = YES_AGGRESSIVE;
				GCC_WARN_UNUSED_FUNCTION = YES;
				GCC_WARN_UNUSED_VARIABLE = YES;
				IPHONEOS_DEPLOYMENT_TARGET = 16.0;
				LOCALIZATION_PREFERS_STRING_CATALOGS = YES;
				MTL_ENABLE_DEBUG_INFO = INCLUDE_SOURCE;
				MTL_FAST_MATH = YES;
				ONLY_ACTIVE_ARCH = YES;
				SDKROOT = iphoneos;
				SWIFT_ACTIVE_COMPILATION_CONDITIONS = "DEBUG $(inherited)";
				SWIFT_OPTIMIZATION_LEVEL = "-Onone";
				VERSIONING_SYSTEM = "apple-generic";
				VERSION_INFO_PREFIX = "";
			};
			name = Debug;
		};
		6C4920B52F627A2600B88D35 /* Release */ = {
			isa = XCBuildConfiguration;
			buildSettings = {
				ALWAYS_SEARCH_USER_PATHS = NO;
				ASSETCATALOG_COMPILER_GENERATE_SWIFT_ASSET_SYMBOL_EXTENSIONS = YES;
				CLANG_ANALYZER_NONNULL = YES;
				CLANG_ANALYZER_NUMBER_OBJECT_CONVERSION = YES_AGGRESSIVE;
				CLANG_CXX_LANGUAGE_STANDARD = "gnu++20";
				CLANG_ENABLE_MODULES = YES;
				CLANG_ENABLE_OBJC_ARC = YES;
				CLANG_ENABLE_OBJC_WEAK = YES;
				CLANG_WARN_BLOCK_CAPTURE_AUTORELEASING = YES;
				CLANG_WARN_BOOL_CONVERSION = YES;
				CLANG_WARN_COMMA = YES;
				CLANG_WARN_CONSTANT_CONVERSION = YES;
				CLANG_WARN_DEPRECATED_OBJC_IMPLEMENTATIONS = YES;
				CLANG_WARN_DIRECT_OBJC_ISA_USAGE = YES_ERROR;
				CLANG_WARN_DOCUMENTATION_COMMENTS = YES;
				CLANG_WARN_EMPTY_BODY = YES;
				CLANG_WARN_ENUM_CONVERSION = YES;
				CLANG_WARN_INFINITE_RECURSION = YES;
				CLANG_WARN_INT_CONVERSION = YES;
				CLANG_WARN_NON_LITERAL_NULL_CONVERSION = YES;
				CLANG_WARN_OBJC_IMPLICIT_RETAIN_SELF = YES;
				CLANG_WARN_OBJC_LITERAL_CONVERSION = YES;
				CLANG_WARN_OBJC_ROOT_CLASS = YES_ERROR;
				CLANG_WARN_QUOTED_INCLUDE_IN_FRAMEWORK_HEADER = YES;
				CLANG_WARN_RANGE_LOOP_ANALYSIS = YES;
				CLANG_WARN_STRICT_PROTOTYPES = YES;
				CLANG_WARN_SUSPICIOUS_MOVE = YES;
				CLANG_WARN_UNGUARDED_AVAILABILITY = YES_AGGRESSIVE;
				CLANG_WARN_UNREACHABLE_CODE = YES;
				CLANG_WARN__DUPLICATE_METHOD_MATCH = YES;
				COPY_PHASE_STRIP = NO;
				CURRENT_PROJECT_VERSION = 1;
				DEBUG_INFORMATION_FORMAT = "dwarf-with-dsym";
				DEVELOPMENT_TEAM = LH562C5CQZ;
				ENABLE_NS_ASSERTIONS = NO;
				ENABLE_STRICT_OBJC_MSGSEND = YES;
				ENABLE_USER_SCRIPT_SANDBOXING = YES;
				GCC_C_LANGUAGE_STANDARD = gnu17;
				GCC_NO_COMMON_BLOCKS = YES;
				GCC_WARN_64_TO_32_BIT_CONVERSION = YES;
				GCC_WARN_ABOUT_RETURN_TYPE = YES_ERROR;
				GCC_WARN_UNDECLARED_SELECTOR = YES;
				GCC_WARN_UNINITIALIZED_AUTOS = YES_AGGRESSIVE;
				GCC_WARN_UNUSED_FUNCTION = YES;
				GCC_WARN_UNUSED_VARIABLE = YES;
				IPHONEOS_DEPLOYMENT_TARGET = 16.0;
				LOCALIZATION_PREFERS_STRING_CATALOGS = YES;
				MTL_ENABLE_DEBUG_INFO = NO;
				MTL_FAST_MATH = YES;
				SDKROOT = iphoneos;
				SWIFT_COMPILATION_MODE = wholemodule;
				VALIDATE_PRODUCT = YES;
				VERSIONING_SYSTEM = "apple-generic";
				VERSION_INFO_PREFIX = "";
			};
			name = Release;
		};
		6C4920B72F627A2600B88D35 /* Debug */ = {
			isa = XCBuildConfiguration;
			buildSettings = {
				BUILD_LIBRARY_FOR_DISTRIBUTION = YES;
				CODE_SIGN_STYLE = Automatic;
				CURRENT_PROJECT_VERSION = 1;
				DEVELOPMENT_TEAM = LH562C5CQZ;
				DYLIB_COMPATIBILITY_VERSION = 1;
				DYLIB_CURRENT_VERSION = 1;
				DYLIB_INSTALL_NAME_BASE = "@rpath";
				ENABLE_MODULE_VERIFIER = YES;
				GENERATE_INFOPLIST_FILE = NO;
				INFOPLIST_FILE = "DiaconnKit-Info.plist";
				INFOPLIST_KEY_NSHumanReadableCopyright = "";
				INSTALL_PATH = "$(LOCAL_LIBRARY_DIR)/Frameworks";
				LD_RUNPATH_SEARCH_PATHS = (
					"$(inherited)",
					"@executable_path/Frameworks",
					"@loader_path/Frameworks",
				);
				MARKETING_VERSION = 1.0;
				MODULE_VERIFIER_SUPPORTED_LANGUAGES = "objective-c objective-c++";
				MODULE_VERIFIER_SUPPORTED_LANGUAGE_STANDARDS = "gnu17 gnu++20";
				PRODUCT_BUNDLE_IDENTIFIER = com.g2e.DiaconnKit;
				PRODUCT_NAME = "$(TARGET_NAME:c99extidentifier)";
				SKIP_INSTALL = YES;
				STRING_CATALOG_GENERATE_SYMBOLS = YES;
				SWIFT_APPROACHABLE_CONCURRENCY = YES;
				SWIFT_EMIT_LOC_STRINGS = YES;
				SWIFT_INSTALL_MODULE = YES;
				SWIFT_INSTALL_OBJC_HEADER = NO;
				SWIFT_UPCOMING_FEATURE_MEMBER_IMPORT_VISIBILITY = YES;
				SWIFT_VERSION = 5.0;
				TARGETED_DEVICE_FAMILY = "1,2";
			};
			name = Debug;
		};
		6C4920B82F627A2600B88D35 /* Release */ = {
			isa = XCBuildConfiguration;
			buildSettings = {
				BUILD_LIBRARY_FOR_DISTRIBUTION = YES;
				CODE_SIGN_STYLE = Automatic;
				CURRENT_PROJECT_VERSION = 1;
				DEVELOPMENT_TEAM = LH562C5CQZ;
				DYLIB_COMPATIBILITY_VERSION = 1;
				DYLIB_CURRENT_VERSION = 1;
				DYLIB_INSTALL_NAME_BASE = "@rpath";
				ENABLE_MODULE_VERIFIER = YES;
				GENERATE_INFOPLIST_FILE = NO;
				INFOPLIST_FILE = "DiaconnKit-Info.plist";
				INFOPLIST_KEY_NSHumanReadableCopyright = "";
				INSTALL_PATH = "$(LOCAL_LIBRARY_DIR)/Frameworks";
				LD_RUNPATH_SEARCH_PATHS = (
					"$(inherited)",
					"@executable_path/Frameworks",
					"@loader_path/Frameworks",
				);
				MARKETING_VERSION = 1.0;
				MODULE_VERIFIER_SUPPORTED_LANGUAGES = "objective-c objective-c++";
				MODULE_VERIFIER_SUPPORTED_LANGUAGE_STANDARDS = "gnu17 gnu++20";
				PRODUCT_BUNDLE_IDENTIFIER = com.g2e.DiaconnKit;
				PRODUCT_NAME = "$(TARGET_NAME:c99extidentifier)";
				SKIP_INSTALL = YES;
				STRING_CATALOG_GENERATE_SYMBOLS = YES;
				SWIFT_APPROACHABLE_CONCURRENCY = YES;
				SWIFT_EMIT_LOC_STRINGS = YES;
				SWIFT_INSTALL_MODULE = YES;
				SWIFT_INSTALL_OBJC_HEADER = NO;
				SWIFT_UPCOMING_FEATURE_MEMBER_IMPORT_VISIBILITY = YES;
				SWIFT_VERSION = 5.0;
				TARGETED_DEVICE_FAMILY = "1,2";
			};
			name = Release;
		};
		6C4920BA2F627A2600B88D35 /* Debug */ = {
			isa = XCBuildConfiguration;
			buildSettings = {
				CODE_SIGN_STYLE = Automatic;
				CURRENT_PROJECT_VERSION = 1;
				DEVELOPMENT_TEAM = LH562C5CQZ;
				GENERATE_INFOPLIST_FILE = YES;
				MARKETING_VERSION = 1.0;
				PRODUCT_BUNDLE_IDENTIFIER = com.g2e.DiaconnKitTests;
				PRODUCT_NAME = "$(TARGET_NAME)";
				STRING_CATALOG_GENERATE_SYMBOLS = NO;
				SWIFT_APPROACHABLE_CONCURRENCY = YES;
				SWIFT_EMIT_LOC_STRINGS = NO;
				SWIFT_UPCOMING_FEATURE_MEMBER_IMPORT_VISIBILITY = YES;
				SWIFT_VERSION = 5.0;
				TARGETED_DEVICE_FAMILY = "1,2";
			};
			name = Debug;
		};
		6C4920BB2F627A2600B88D35 /* Release */ = {
			isa = XCBuildConfiguration;
			buildSettings = {
				CODE_SIGN_STYLE = Automatic;
				CURRENT_PROJECT_VERSION = 1;
				DEVELOPMENT_TEAM = LH562C5CQZ;
				GENERATE_INFOPLIST_FILE = YES;
				MARKETING_VERSION = 1.0;
				PRODUCT_BUNDLE_IDENTIFIER = com.g2e.DiaconnKitTests;
				PRODUCT_NAME = "$(TARGET_NAME)";
				STRING_CATALOG_GENERATE_SYMBOLS = NO;
				SWIFT_APPROACHABLE_CONCURRENCY = YES;
				SWIFT_EMIT_LOC_STRINGS = NO;
				SWIFT_UPCOMING_FEATURE_MEMBER_IMPORT_VISIBILITY = YES;
				SWIFT_VERSION = 5.0;
				TARGETED_DEVICE_FAMILY = "1,2";
			};
			name = Release;
		};
		6C4921092F62ACCA00B88D35 /* Debug */ = {
			isa = XCBuildConfiguration;
			buildSettings = {
				BUILD_LIBRARY_FOR_DISTRIBUTION = YES;
				CODE_SIGN_STYLE = Automatic;
				CURRENT_PROJECT_VERSION = 1;
				DEVELOPMENT_TEAM = LH562C5CQZ;
				DYLIB_COMPATIBILITY_VERSION = 1;
				DYLIB_CURRENT_VERSION = 1;
				DYLIB_INSTALL_NAME_BASE = "@rpath";
				ENABLE_MODULE_VERIFIER = YES;
				GENERATE_INFOPLIST_FILE = NO;
				INFOPLIST_FILE = "DiaconnKitPlugin-Info.plist";
				INFOPLIST_KEY_NSHumanReadableCopyright = "";
				INSTALL_PATH = "$(LOCAL_LIBRARY_DIR)/Frameworks";
				LD_RUNPATH_SEARCH_PATHS = (
					"$(inherited)",
					"@executable_path/Frameworks",
					"@loader_path/Frameworks",
				);
				MARKETING_VERSION = 1.0;
				MODULE_VERIFIER_SUPPORTED_LANGUAGES = "objective-c objective-c++";
				MODULE_VERIFIER_SUPPORTED_LANGUAGE_STANDARDS = "gnu17 gnu++20";
				PRODUCT_BUNDLE_IDENTIFIER = com.g2e.DiaconnKitPlugin;
				PRODUCT_NAME = "$(TARGET_NAME:c99extidentifier)";
				SKIP_INSTALL = YES;
				STRING_CATALOG_GENERATE_SYMBOLS = YES;
				SWIFT_APPROACHABLE_CONCURRENCY = YES;
				SWIFT_EMIT_LOC_STRINGS = YES;
				SWIFT_INSTALL_MODULE = YES;
				SWIFT_INSTALL_OBJC_HEADER = NO;
				SWIFT_UPCOMING_FEATURE_MEMBER_IMPORT_VISIBILITY = YES;
				SWIFT_VERSION = 5.0;
				TARGETED_DEVICE_FAMILY = "1,2";
			};
			name = Debug;
		};
		6C49210A2F62ACCA00B88D35 /* Release */ = {
			isa = XCBuildConfiguration;
			buildSettings = {
				BUILD_LIBRARY_FOR_DISTRIBUTION = YES;
				CODE_SIGN_STYLE = Automatic;
				CURRENT_PROJECT_VERSION = 1;
				DEVELOPMENT_TEAM = LH562C5CQZ;
				DYLIB_COMPATIBILITY_VERSION = 1;
				DYLIB_CURRENT_VERSION = 1;
				DYLIB_INSTALL_NAME_BASE = "@rpath";
				ENABLE_MODULE_VERIFIER = YES;
				GENERATE_INFOPLIST_FILE = NO;
				INFOPLIST_FILE = "DiaconnKitPlugin-Info.plist";
				INFOPLIST_KEY_NSHumanReadableCopyright = "";
				INSTALL_PATH = "$(LOCAL_LIBRARY_DIR)/Frameworks";
				LD_RUNPATH_SEARCH_PATHS = (
					"$(inherited)",
					"@executable_path/Frameworks",
					"@loader_path/Frameworks",
				);
				MARKETING_VERSION = 1.0;
				MODULE_VERIFIER_SUPPORTED_LANGUAGES = "objective-c objective-c++";
				MODULE_VERIFIER_SUPPORTED_LANGUAGE_STANDARDS = "gnu17 gnu++20";
				PRODUCT_BUNDLE_IDENTIFIER = com.g2e.DiaconnKitPlugin;
				PRODUCT_NAME = "$(TARGET_NAME:c99extidentifier)";
				SKIP_INSTALL = YES;
				STRING_CATALOG_GENERATE_SYMBOLS = YES;
				SWIFT_APPROACHABLE_CONCURRENCY = YES;
				SWIFT_EMIT_LOC_STRINGS = YES;
				SWIFT_INSTALL_MODULE = YES;
				SWIFT_INSTALL_OBJC_HEADER = NO;
				SWIFT_UPCOMING_FEATURE_MEMBER_IMPORT_VISIBILITY = YES;
				SWIFT_VERSION = 5.0;
				TARGETED_DEVICE_FAMILY = "1,2";
			};
			name = Release;
		};
		6C49210C2F62ACCA00B88D35 /* Debug */ = {
			isa = XCBuildConfiguration;
			buildSettings = {
				CODE_SIGN_STYLE = Automatic;
				CURRENT_PROJECT_VERSION = 1;
				DEVELOPMENT_TEAM = LH562C5CQZ;
				GENERATE_INFOPLIST_FILE = YES;
				MARKETING_VERSION = 1.0;
				PRODUCT_BUNDLE_IDENTIFIER = com.g2e.DiaconnKitPluginTests;
				PRODUCT_NAME = "$(TARGET_NAME)";
				STRING_CATALOG_GENERATE_SYMBOLS = NO;
				SWIFT_APPROACHABLE_CONCURRENCY = YES;
				SWIFT_EMIT_LOC_STRINGS = NO;
				SWIFT_UPCOMING_FEATURE_MEMBER_IMPORT_VISIBILITY = YES;
				SWIFT_VERSION = 5.0;
				TARGETED_DEVICE_FAMILY = "1,2";
			};
			name = Debug;
		};
		6C49210D2F62ACCA00B88D35 /* Release */ = {
			isa = XCBuildConfiguration;
			buildSettings = {
				CODE_SIGN_STYLE = Automatic;
				CURRENT_PROJECT_VERSION = 1;
				DEVELOPMENT_TEAM = LH562C5CQZ;
				GENERATE_INFOPLIST_FILE = YES;
				MARKETING_VERSION = 1.0;
				PRODUCT_BUNDLE_IDENTIFIER = com.g2e.DiaconnKitPluginTests;
				PRODUCT_NAME = "$(TARGET_NAME)";
				STRING_CATALOG_GENERATE_SYMBOLS = NO;
				SWIFT_APPROACHABLE_CONCURRENCY = YES;
				SWIFT_EMIT_LOC_STRINGS = NO;
				SWIFT_UPCOMING_FEATURE_MEMBER_IMPORT_VISIBILITY = YES;
				SWIFT_VERSION = 5.0;
				TARGETED_DEVICE_FAMILY = "1,2";
			};
			name = Release;
		};
/* End XCBuildConfiguration section */

/* Begin XCConfigurationList section */
		6C49209C2F627A2600B88D35 /* Build configuration list for PBXProject "DiaconnKit" */ = {
			isa = XCConfigurationList;
			buildConfigurations = (
				6C4920B42F627A2600B88D35 /* Debug */,
				6C4920B52F627A2600B88D35 /* Release */,
			);
			defaultConfigurationIsVisible = 0;
			defaultConfigurationName = Release;
		};
		6C4920B62F627A2600B88D35 /* Build configuration list for PBXNativeTarget "DiaconnKit" */ = {
			isa = XCConfigurationList;
			buildConfigurations = (
				6C4920B72F627A2600B88D35 /* Debug */,
				6C4920B82F627A2600B88D35 /* Release */,
			);
			defaultConfigurationIsVisible = 0;
			defaultConfigurationName = Release;
		};
		6C4920B92F627A2600B88D35 /* Build configuration list for PBXNativeTarget "DiaconnKitTests" */ = {
			isa = XCConfigurationList;
			buildConfigurations = (
				6C4920BA2F627A2600B88D35 /* Debug */,
				6C4920BB2F627A2600B88D35 /* Release */,
			);
			defaultConfigurationIsVisible = 0;
			defaultConfigurationName = Release;
		};
		6C4921082F62ACCA00B88D35 /* Build configuration list for PBXNativeTarget "DiaconnKitPlugin" */ = {
			isa = XCConfigurationList;
			buildConfigurations = (
				6C4921092F62ACCA00B88D35 /* Debug */,
				6C49210A2F62ACCA00B88D35 /* Release */,
			);
			defaultConfigurationIsVisible = 0;
			defaultConfigurationName = Release;
		};
		6C49210B2F62ACCA00B88D35 /* Build configuration list for PBXNativeTarget "DiaconnKitPluginTests" */ = {
			isa = XCConfigurationList;
			buildConfigurations = (
				6C49210C2F62ACCA00B88D35 /* Debug */,
				6C49210D2F62ACCA00B88D35 /* Release */,
			);
			defaultConfigurationIsVisible = 0;
			defaultConfigurationName = Release;
		};
/* End XCConfigurationList section */
	};
	rootObject = 6C4920992F627A2600B88D35 /* Project object */;
}
